// !$*UTF8*$!
{
	archiveVersion = 1;
	classes = {
	};
	objectVersion = 77;
	objects = {

/* Begin PBXBuildFile section */
		6524DAEA2F9FECF900E90254 /* FirebaseAuth in Frameworks */ = {isa = PBXBuildFile; productRef = 6524DAE92F9FECF900E90254 /* FirebaseAuth */; };
		6524DAEC2F9FECF900E90254 /* FirebaseFirestore in Frameworks */ = {isa = PBXBuildFile; productRef = 6524DAEB2F9FECF900E90254 /* FirebaseFirestore */; };
		6524DAEE2F9FEEEB00E90254 /* FirestoreService.swift in Sources */ = {isa = PBXBuildFile; fileRef = 6524DAED2F9FEEEB00E90254 /* FirestoreService.swift */; };
		6524DAF02F9FF20700E90254 /* Chore.swift in Sources */ = {isa = PBXBuildFile; fileRef = 6524DAEF2F9FF20700E90254 /* Chore.swift */; };
		656F4FD72FA1F58100131252 /* RootView.swift in Sources */ = {isa = PBXBuildFile; fileRef = 656F4FD62FA1F58100131252 /* RootView.swift */; };
		6576B0E92FA087F700B53349 /* ChoreViewModel.swift in Sources */ = {isa = PBXBuildFile; fileRef = 6576B0E82FA087F700B53349 /* ChoreViewModel.swift */; };
		6576B0EB2FA09B5E00B53349 /* Completion.swift in Sources */ = {isa = PBXBuildFile; fileRef = 6576B0EA2FA09B5E00B53349 /* Completion.swift */; };
		6576B0ED2FA0CF6F00B53349 /* UserProfile.swift in Sources */ = {isa = PBXBuildFile; fileRef = 6576B0EC2FA0CF6F00B53349 /* UserProfile.swift */; };
		6576B0F72FA0D13500B53349 /* AuthViewModel.swift in Sources */ = {isa = PBXBuildFile; fileRef = 6576B0F62FA0D13500B53349 /* AuthViewModel.swift */; };
/* End PBXBuildFile section */

/* Begin PBXFileReference section */
		6524DACA2F9FE96300E90254 /* EarnQuest.app */ = {isa = PBXFileReference; explicitFileType = wrapper.application; includeInIndex = 0; path = EarnQuest.app; sourceTree = BUILT_PRODUCTS_DIR; };
		6524DAED2F9FEEEB00E90254 /* FirestoreService.swift */ = {isa = PBXFileReference; lastKnownFileType = sourcecode.swift; path = FirestoreService.swift; sourceTree = "<group>"; };
		6524DAEF2F9FF20700E90254 /* Chore.swift */ = {isa = PBXFileReference; lastKnownFileType = sourcecode.swift; path = Chore.swift; sourceTree = "<group>"; };
		656F4FD62FA1F58100131252 /* RootView.swift */ = {isa = PBXFileReference; lastKnownFileType = sourcecode.swift; path = RootView.swift; sourceTree = "<group>"; };
		6576B0E82FA087F700B53349 /* ChoreViewModel.swift */ = {isa = PBXFileReference; lastKnownFileType = sourcecode.swift; path = ChoreViewModel.swift; sourceTree = "<group>"; };
		6576B0EA2FA09B5E00B53349 /* Completion.swift */ = {isa = PBXFileReference; lastKnownFileType = sourcecode.swift; path = Completion.swift; sourceTree = "<group>"; };
		6576B0EC2FA0CF6F00B53349 /* UserProfile.swift */ = {isa = PBXFileReference; lastKnownFileType = sourcecode.swift; path = UserProfile.swift; sourceTree = "<group>"; };
		6576B0F62FA0D13500B53349 /* AuthViewModel.swift */ = {isa = PBXFileReference; lastKnownFileType = sourcecode.swift; path = AuthViewModel.swift; sourceTree = "<group>"; };
/* End PBXFileReference section */

/* Begin PBXFileSystemSynchronizedRootGroup section */
		6524DACC2F9FE96300E90254 /* EarnQuest */ = {
			isa = PBXFileSystemSynchronizedRootGroup;
			path = EarnQuest;
			sourceTree = "<group>";
		};
/* End PBXFileSystemSynchronizedRootGroup section */

/* Begin PBXFrameworksBuildPhase section */
		6524DAC72F9FE96300E90254 /* Frameworks */ = {
			isa = PBXFrameworksBuildPhase;
			buildActionMask = 2147483647;
			files = (
				6524DAEA2F9FECF900E90254 /* FirebaseAuth in Frameworks */,
				6524DAEC2F9FECF900E90254 /* FirebaseFirestore in Frameworks */,
			);
			runOnlyForDeploymentPostprocessing = 0;
		};
/* End PBXFrameworksBuildPhase section */

/* Begin PBXGroup section */
		6524DAC12F9FE96300E90254 = {
			isa = PBXGroup;
			children = (
				6524DADD2F9FEA4300E90254 /* Core */,
				6524DADB2F9FEA1A00E90254 /* Services */,
				6524DADA2F9FEA1100E90254 /* Views */,
				6524DAD92F9FEA0600E90254 /* ViewModels */,
				6524DAD82F9FE9FA00E90254 /* Models */,
				6524DACC2F9FE96300E90254 /* EarnQuest */,
				6524DACB2F9FE96300E90254 /* Products */,
			);
			sourceTree = "<group>";
		};
		6524DACB2F9FE96300E90254 /* Products */ = {
			isa = PBXGroup;
			children = (
				6524DACA2F9FE96300E90254 /* EarnQuest.app */,
			);
			name = Products;
			sourceTree = "<group>";
		};
		6524DAD82F9FE9FA00E90254 /* Models */ = {
			isa = PBXGroup;
			children = (
				6524DAEF2F9FF20700E90254 /* Chore.swift */,
				6576B0EA2FA09B5E00B53349 /* Completion.swift */,
				6576B0EC2FA0CF6F00B53349 /* UserProfile.swift */,
			);
			path = Models;
			sourceTree = "<group>";
		};
		6524DAD92F9FEA0600E90254 /* ViewModels */ = {
			isa = PBXGroup;
			children = (
				6576B0E82FA087F700B53349 /* ChoreViewModel.swift */,
				6576B0F62FA0D13500B53349 /* AuthViewModel.swift */,
			);
			path = ViewModels;
			sourceTree = "<group>";
		};
		6524DADA2F9FEA1100E90254 /* Views */ = {
			isa = PBXGroup;
			children = (
				656F4FD62FA1F58100131252 /* RootView.swift */,
			);
			path = Views;
			sourceTree = "<group>";
		};
		6524DADB2F9FEA1A00E90254 /* Services */ = {
			isa = PBXGroup;
			children = (
				6524DAED2F9FEEEB00E90254 /* FirestoreService.swift */,
			);
			path = Services;
			sourceTree = "<group>";
		};
		6524DADD2F9FEA4300E90254 /* Core */ = {
			isa = PBXGroup;
			children = (
			);
			path = Core;
			sourceTree = "<group>";
		};
/* End PBXGroup section */

/* Begin PBXNativeTarget section */
		6524DAC92F9FE96300E90254 /* EarnQuest */ = {
			isa = PBXNativeTarget;
			buildConfigurationList = 6524DAD52F9FE96400E90254 /* Build configuration list for PBXNativeTarget "EarnQuest" */;
			buildPhases = (
				6524DAC62F9FE96300E90254 /* Sources */,
				6524DAC72F9FE96300E90254 /* Frameworks */,
				6524DAC82F9FE96300E90254 /* Resources */,
			);
			buildRules = (
			);
			dependencies = (
			);
			fileSystemSynchronizedGroups = (
				6524DACC2F9FE96300E90254 /* EarnQuest */,
			);
			name = EarnQuest;
			packageProductDependencies = (
				6524DAE92F9FECF900E90254 /* FirebaseAuth */,
				6524DAEB2F9FECF900E90254 /* FirebaseFirestore */,
			);
			productName = EarnQuest;
			productReference = 6524DACA2F9FE96300E90254 /* EarnQuest.app */;
			productType = "com.apple.product-type.application";
		};
/* End PBXNativeTarget section */

/* Begin PBXProject section */
		6524DAC22F9FE96300E90254 /* Project object */ = {
			isa = PBXProject;
			attributes = {
				BuildIndependentTargetsInParallel = 1;
				LastSwiftUpdateCheck = 2640;
				LastUpgradeCheck = 2640;
				TargetAttributes = {
					6524DAC92F9FE96300E90254 = {
						CreatedOnToolsVersion = 26.4.1;
					};
				};
			};
			buildConfigurationList = 6524DAC52F9FE96300E90254 /* Build configuration list for PBXProject "EarnQuest" */;
			developmentRegion = en;
			hasScannedForEncodings = 0;
			knownRegions = (
				en,
				Base,
			);
			mainGroup = 6524DAC12F9FE96300E90254;
			minimizedProjectReferenceProxies = 1;
			packageReferences = (
				6524DAE82F9FECF900E90254 /* XCRemoteSwiftPackageReference "firebase-ios-sdk" */,
			);
			preferredProjectObjectVersion = 77;
			productRefGroup = 6524DACB2F9FE96300E90254 /* Products */;
			projectDirPath = "";
			projectRoot = "";
			targets = (
				6524DAC92F9FE96300E90254 /* EarnQuest */,
			);
		};
/* End PBXProject section */

/* Begin PBXResourcesBuildPhase section */
		6524DAC82F9FE96300E90254 /* Resources */ = {
			isa = PBXResourcesBuildPhase;
			buildActionMask = 2147483647;
			files = (
			);
			runOnlyForDeploymentPostprocessing = 0;
		};
/* End PBXResourcesBuildPhase section */

/* Begin PBXSourcesBuildPhase section */
		6524DAC62F9FE96300E90254 /* Sources */ = {
			isa = PBXSourcesBuildPhase;
			buildActionMask = 2147483647;
			files = (
				6524DAEE2F9FEEEB00E90254 /* FirestoreService.swift in Sources */,
				6576B0ED2FA0CF6F00B53349 /* UserProfile.swift in Sources */,
				6576B0F72FA0D13500B53349 /* AuthViewModel.swift in Sources */,
				656F4FD72FA1F58100131252 /* RootView.swift in Sources */,
				6576B0EB2FA09B5E00B53349 /* Completion.swift in Sources */,
				6576B0E92FA087F700B53349 /* ChoreViewModel.swift in Sources */,
				6524DAF02F9FF20700E90254 /* Chore.swift in Sources */,
			);
			runOnlyForDeploymentPostprocessing = 0;
		};
/* End PBXSourcesBuildPhase section */

/* Begin XCBuildConfiguration section */
		6524DAD32F9FE96400E90254 /* Debug */ = {
			isa = XCBuildConfiguration;
			buildSettings = {
				ALWAYS_SEARCH_USER_PATHS = NO;
				ASSETCATALOG_COMPILER_GENERATE_SWIFT_ASSET_SYMBOL_EXTENSIONS = YES;
				CLANG_ANALYZER_NONNULL = YES;
				CLANG_ANALYZER_NUMBER_OBJECT_CONVERSION = YES_AGGRESSIVE;
				CLANG_CXX_LANGUAGE_STANDARD = "gnu++20";
				CLANG_ENABLE_MODULES = YES;
				CLANG_ENABLE_OBJC_ARC = YES;
				CLANG_ENABLE_OBJC_WEAK = YES;
				CLANG_WARN_BLOCK_CAPTURE_AUTORELEASING = YES;
				CLANG_WARN_BOOL_CONVERSION = YES;
				CLANG_WARN_COMMA = YES;
				CLANG_WARN_CONSTANT_CONVERSION = YES;
				CLANG_WARN_DEPRECATED_OBJC_IMPLEMENTATIONS = YES;
				CLANG_WARN_DIRECT_OBJC_ISA_USAGE = YES_ERROR;
				CLANG_WARN_DOCUMENTATION_COMMENTS = YES;
				CLANG_WARN_EMPTY_BODY = YES;
				CLANG_WARN_ENUM_CONVERSION = YES;
				CLANG_WARN_INFINITE_RECURSION = YES;
				CLANG_WARN_INT_CONVERSION = YES;
				CLANG_WARN_NON_LITERAL_NULL_CONVERSION = YES;
				CLANG_WARN_OBJC_IMPLICIT_RETAIN_SELF = YES;
				CLANG_WARN_OBJC_LITERAL_CONVERSION = YES;
				CLANG_WARN_OBJC_ROOT_CLASS = YES_ERROR;
				CLANG_WARN_QUOTED_INCLUDE_IN_FRAMEWORK_HEADER = YES;
				CLANG_WARN_RANGE_LOOP_ANALYSIS = YES;
				CLANG_WARN_STRICT_PROTOTYPES = YES;
				CLANG_WARN_SUSPICIOUS_MOVE = YES;
				CLANG_WARN_UNGUARDED_AVAILABILITY = YES_AGGRESSIVE;
				CLANG_WARN_UNREACHABLE_CODE = YES;
				CLANG_WARN__DUPLICATE_METHOD_MATCH = YES;
				COPY_PHASE_STRIP = NO;
				DEBUG_INFORMATION_FORMAT = dwarf;
				DEVELOPMENT_TEAM = T7MX6DMLNB;
				ENABLE_STRICT_OBJC_MSGSEND = YES;
				ENABLE_TESTABILITY = YES;
				ENABLE_USER_SCRIPT_SANDBOXING = YES;
				GCC_C_LANGUAGE_STANDARD = gnu17;
				GCC_DYNAMIC_NO_PIC = NO;
				GCC_NO_COMMON_BLOCKS = YES;
				GCC_OPTIMIZATION_LEVEL = 0;
				GCC_PREPROCESSOR_DEFINITIONS = (
					"DEBUG=1",
					"$(inherited)",
				);
				GCC_WARN_64_TO_32_BIT_CONVERSION = YES;
				GCC_WARN_ABOUT_RETURN_TYPE = YES_ERROR;
				GCC_WARN_UNDECLARED_SELECTOR = YES;
				GCC_WARN_UNINITIALIZED_AUTOS = YES_AGGRESSIVE;
				GCC_WARN_UNUSED_FUNCTION = YES;
				GCC_WARN_UNUSED_VARIABLE = YES;
				IPHONEOS_DEPLOYMENT_TARGET = 26.4;
				LOCALIZATION_PREFERS_STRING_CATALOGS = YES;
				MTL_ENABLE_DEBUG_INFO = INCLUDE_SOURCE;
				MTL_FAST_MATH = YES;
				ONLY_ACTIVE_ARCH = YES;
				SDKROOT = iphoneos;
				SWIFT_ACTIVE_COMPILATION_CONDITIONS = "DEBUG $(inherited)";
				SWIFT_OPTIMIZATION_LEVEL = "-Onone";
			};
			name = Debug;
		};
		6524DAD42F9FE96400E90254 /* Release */ = {
			isa = XCBuildConfiguration;
			buildSettings = {
				ALWAYS_SEARCH_USER_PATHS = NO;
				ASSETCATALOG_COMPILER_GENERATE_SWIFT_ASSET_SYMBOL_EXTENSIONS = YES;
				CLANG_ANALYZER_NONNULL = YES;
				CLANG_ANALYZER_NUMBER_OBJECT_CONVERSION = YES_AGGRESSIVE;
				CLANG_CXX_LANGUAGE_STANDARD = "gnu++20";
				CLANG_ENABLE_MODULES = YES;
				CLANG_ENABLE_OBJC_ARC = YES;
				CLANG_ENABLE_OBJC_WEAK = YES;
				CLANG_WARN_BLOCK_CAPTURE_AUTORELEASING = YES;
				CLANG_WARN_BOOL_CONVERSION = YES;
				CLANG_WARN_COMMA = YES;
				CLANG_WARN_CONSTANT_CONVERSION = YES;
				CLANG_WARN_DEPRECATED_OBJC_IMPLEMENTATIONS = YES;
				CLANG_WARN_DIRECT_OBJC_ISA_USAGE = YES_ERROR;
				CLANG_WARN_DOCUMENTATION_COMMENTS = YES;
				CLANG_WARN_EMPTY_BODY = YES;
				CLANG_WARN_ENUM_CONVERSION = YES;
				CLANG_WARN_INFINITE_RECURSION = YES;
				CLANG_WARN_INT_CONVERSION = YES;
				CLANG_WARN_NON_LITERAL_NULL_CONVERSION = YES;
				CLANG_WARN_OBJC_IMPLICIT_RETAIN_SELF = YES;
				CLANG_WARN_OBJC_LITERAL_CONVERSION = YES;
				CLANG_WARN_OBJC_ROOT_CLASS = YES_ERROR;
				CLANG_WARN_QUOTED_INCLUDE_IN_FRAMEWORK_HEADER = YES;
				CLANG_WARN_RANGE_LOOP_ANALYSIS = YES;
				CLANG_WARN_STRICT_PROTOTYPES = YES;
				CLANG_WARN_SUSPICIOUS_MOVE = YES;
				CLANG_WARN_UNGUARDED_AVAILABILITY = YES_AGGRESSIVE;
				CLANG_WARN_UNREACHABLE_CODE = YES;
				CLANG_WARN__DUPLICATE_METHOD_MATCH = YES;
				COPY_PHASE_STRIP = NO;
				DEBUG_INFORMATION_FORMAT = "dwarf-with-dsym";
				DEVELOPMENT_TEAM = T7MX6DMLNB;
				ENABLE_NS_ASSERTIONS = NO;
				ENABLE_STRICT_OBJC_MSGSEND = YES;
				ENABLE_USER_SCRIPT_SANDBOXING = YES;
				GCC_C_LANGUAGE_STANDARD = gnu17;
				GCC_NO_COMMON_BLOCKS = YES;
				GCC_WARN_64_TO_32_BIT_CONVERSION = YES;
				GCC_WARN_ABOUT_RETURN_TYPE = YES_ERROR;
				GCC_WARN_UNDECLARED_SELECTOR = YES;
				GCC_WARN_UNINITIALIZED_AUTOS = YES_AGGRESSIVE;
				GCC_WARN_UNUSED_FUNCTION = YES;
				GCC_WARN_UNUSED_VARIABLE = YES;
				IPHONEOS_DEPLOYMENT_TARGET = 26.4;
				LOCALIZATION_PREFERS_STRING_CATALOGS = YES;
				MTL_ENABLE_DEBUG_INFO = NO;
				MTL_FAST_MATH = YES;
				SDKROOT = iphoneos;
				SWIFT_COMPILATION_MODE = wholemodule;
				VALIDATE_PRODUCT = YES;
			};
			name = Release;
		};
		6524DAD62F9FE96400E90254 /* Debug */ = {
			isa = XCBuildConfiguration;
			buildSettings = {
				ASSETCATALOG_COMPILER_APPICON_NAME = AppIcon;
				ASSETCATALOG_COMPILER_GLOBAL_ACCENT_COLOR_NAME = AccentColor;
				CODE_SIGN_STYLE = Automatic;
				CURRENT_PROJECT_VERSION = 1;
				DEVELOPMENT_TEAM = T7MX6DMLNB;
				ENABLE_PREVIEWS = YES;
				GENERATE_INFOPLIST_FILE = YES;
				INFOPLIST_KEY_UIApplicationSceneManifest_Generation = YES;
				INFOPLIST_KEY_UIApplicationSupportsIndirectInputEvents = YES;
				INFOPLIST_KEY_UILaunchScreen_Generation = YES;
				INFOPLIST_KEY_UISupportedInterfaceOrientations_iPad = "UIInterfaceOrientationPortrait UIInterfaceOrientationPortraitUpsideDown UIInterfaceOrientationLandscapeLeft UIInterfaceOrientationLandscapeRight";
				INFOPLIST_KEY_UISupportedInterfaceOrientations_iPhone = "UIInterfaceOrientationPortrait UIInterfaceOrientationLandscapeLeft UIInterfaceOrientationLandscapeRight";
				LD_RUNPATH_SEARCH_PATHS = (
					"$(inherited)",
					"@executable_path/Frameworks",
				);
				MARKETING_VERSION = 1.0;
				PRODUCT_BUNDLE_IDENTIFIER = com.Micke.EarnQuest;
				PRODUCT_NAME = "$(TARGET_NAME)";
				STRING_CATALOG_GENERATE_SYMBOLS = YES;
				SWIFT_APPROACHABLE_CONCURRENCY = YES;
				SWIFT_DEFAULT_ACTOR_ISOLATION = MainActor;
				SWIFT_EMIT_LOC_STRINGS = YES;
				SWIFT_UPCOMING_FEATURE_MEMBER_IMPORT_VISIBILITY = YES;
				SWIFT_VERSION = 5.0;
				TARGETED_DEVICE_FAMILY = "1,2";
			};
			name = Debug;
		};
		6524DAD72F9FE96400E90254 /* Release */ = {
			isa = XCBuildConfiguration;
			buildSettings = {
				ASSETCATALOG_COMPILER_APPICON_NAME = AppIcon;
				ASSETCATALOG_COMPILER_GLOBAL_ACCENT_COLOR_NAME = AccentColor;
				CODE_SIGN_STYLE = Automatic;
				CURRENT_PROJECT_VERSION = 1;
				DEVELOPMENT_TEAM = T7MX6DMLNB;
				ENABLE_PREVIEWS = YES;
				GENERATE_INFOPLIST_FILE = YES;
				INFOPLIST_KEY_UIApplicationSceneManifest_Generation = YES;
				INFOPLIST_KEY_UIApplicationSupportsIndirectInputEvents = YES;
				INFOPLIST_KEY_UILaunchScreen_Generation = YES;
				INFOPLIST_KEY_UISupportedInterfaceOrientations_iPad = "UIInterfaceOrientationPortrait UIInterfaceOrientationPortraitUpsideDown UIInterfaceOrientationLandscapeLeft UIInterfaceOrientationLandscapeRight";
				INFOPLIST_KEY_UISupportedInterfaceOrientations_iPhone = "UIInterfaceOrientationPortrait UIInterfaceOrientationLandscapeLeft UIInterfaceOrientationLandscapeRight";
				LD_RUNPATH_SEARCH_PATHS = (
					"$(inherited)",
					"@executable_path/Frameworks",
				);
				MARKETING_VERSION = 1.0;
				PRODUCT_BUNDLE_IDENTIFIER = com.Micke.EarnQuest;
				PRODUCT_NAME = "$(TARGET_NAME)";
				STRING_CATALOG_GENERATE_SYMBOLS = YES;
				SWIFT_APPROACHABLE_CONCURRENCY = YES;
				SWIFT_DEFAULT_ACTOR_ISOLATION = MainActor;
				SWIFT_EMIT_LOC_STRINGS = YES;
				SWIFT_UPCOMING_FEATURE_MEMBER_IMPORT_VISIBILITY = YES;
				SWIFT_VERSION = 5.0;
				TARGETED_DEVICE_FAMILY = "1,2";
			};
			name = Release;
		};
/* End XCBuildConfiguration section */

/* Begin XCConfigurationList section */
		6524DAC52F9FE96300E90254 /* Build configuration list for PBXProject "EarnQuest" */ = {
			isa = XCConfigurationList;
			buildConfigurations = (
				6524DAD32F9FE96400E90254 /* Debug */,
				6524DAD42F9FE96400E90254 /* Release */,
			);
			defaultConfigurationIsVisible = 0;
			defaultConfigurationName = Release;
		};
		6524DAD52F9FE96400E90254 /* Build configuration list for PBXNativeTarget "EarnQuest" */ = {
			isa = XCConfigurationList;
			buildConfigurations = (
				6524DAD62F9FE96400E90254 /* Debug */,
				6524DAD72F9FE96400E90254 /* Release */,
			);
			defaultConfigurationIsVisible = 0;
			defaultConfigurationName = Release;
		};
/* End XCConfigurationList section */

/* Begin XCRemoteSwiftPackageReference section */
		6524DAE82F9FECF900E90254 /* XCRemoteSwiftPackageReference "firebase-ios-sdk" */ = {
			isa = XCRemoteSwiftPackageReference;
			repositoryURL = "https://github.com/firebase/firebase-ios-sdk";
			requirement = {
				kind = upToNextMajorVersion;
				minimumVersion = 12.12.1;
			};
		};
/* End XCRemoteSwiftPackageReference section */

/* Begin XCSwiftPackageProductDependency section */
		6524DAE92F9FECF900E90254 /* FirebaseAuth */ = {
			isa = XCSwiftPackageProductDependency;
			package = 6524DAE82F9FECF900E90254 /* XCRemoteSwiftPackageReference "firebase-ios-sdk" */;
			productName = FirebaseAuth;
		};
		6524DAEB2F9FECF900E90254 /* FirebaseFirestore */ = {
			isa = XCSwiftPackageProductDependency;
			package = 6524DAE82F9FECF900E90254 /* XCRemoteSwiftPackageReference "firebase-ios-sdk" */;
			productName = FirebaseFirestore;
		};
/* End XCSwiftPackageProductDependency section */
	};
	rootObject = 6524DAC22F9FE96300E90254 /* Project object */;
}
